// !$*UTF8*$!
{
	archiveVersion = 1;
	classes = {
	};
	objectVersion = 56;
	objects = {

/* Begin PBXBuildFile section */
		1F258128294140CC00158697 /* LandmarksApp.swift in Sources */ = {isa = PBXBuildFile; fileRef = 1F258127294140CC00158697 /* LandmarksApp.swift */; };
		1F25812A294140CC00158697 /* ContentView.swift in Sources */ = {isa = PBXBuildFile; fileRef = 1F258129294140CC00158697 /* ContentView.swift */; };
		1F25812C294140CD00158697 /* Assets.xcassets in Resources */ = {isa = PBXBuildFile; fileRef = 1F25812B294140CD00158697 /* Assets.xcassets */; };
		1F25813B2941425300158697 /* CircleImage.swift in Sources */ = {isa = PBXBuildFile; fileRef = 1F25813A2941425300158697 /* CircleImage.swift */; };
		1F25813D294142F000158697 /* MapView.swift in Sources */ = {isa = PBXBuildFile; fileRef = 1F25813C294142F000158697 /* MapView.swift */; };
		1F2581412941452600158697 /* landmarkData.json in Resources */ = {isa = PBXBuildFile; fileRef = 1F2581402941452600158697 /* landmarkData.json */; };
		1F2581432941456000158697 /* Landmark.swift in Sources */ = {isa = PBXBuildFile; fileRef = 1F2581422941456000158697 /* Landmark.swift */; };
		1F2581452941466500158697 /* ModelData.swift in Sources */ = {isa = PBXBuildFile; fileRef = 1F2581442941466500158697 /* ModelData.swift */; };
		1F25814A2941475000158697 /* LandmarkRow.swift in Sources */ = {isa = PBXBuildFile; fileRef = 1F2581492941475000158697 /* LandmarkRow.swift */; };
		1F25814D2941495C00158697 /* LandmarkList.swift in Sources */ = {isa = PBXBuildFile; fileRef = 1F25814C2941495C00158697 /* LandmarkList.swift */; };
		1F25814F29414A5700158697 /* LandmarkDetail.swift in Sources */ = {isa = PBXBuildFile; fileRef = 1F25814E29414A5700158697 /* LandmarkDetail.swift */; };
		1F2581512942A36600158697 /* FavoriteButton.swift in Sources */ = {isa = PBXBuildFile; fileRef = 1F2581502942A36600158697 /* FavoriteButton.swift */; };
		1F905F3D2943B26A00D67DF2 /* HexagonParameters.swift in Sources */ = {isa = PBXBuildFile; fileRef = 1F905F3C2943B26A00D67DF2 /* HexagonParameters.swift */; };
		1F905F3F2943B39900D67DF2 /* BadgeBackground.swift in Sources */ = {isa = PBXBuildFile; fileRef = 1F905F3E2943B39900D67DF2 /* BadgeBackground.swift */; };
		1F905F412943B7B600D67DF2 /* BadgeSymbol.swift in Sources */ = {isa = PBXBuildFile; fileRef = 1F905F402943B7B600D67DF2 /* BadgeSymbol.swift */; };
		1F905F432943BEED00D67DF2 /* RotatedBadgeSymbol.swift in Sources */ = {isa = PBXBuildFile; fileRef = 1F905F422943BEED00D67DF2 /* RotatedBadgeSymbol.swift */; };
		1F905F452943BF5400D67DF2 /* Badge.swift in Sources */ = {isa = PBXBuildFile; fileRef = 1F905F442943BF5400D67DF2 /* Badge.swift */; };
		1F905F482943D0B200D67DF2 /* hikeData.json in Resources */ = {isa = PBXBuildFile; fileRef = 1F905F472943D0B200D67DF2 /* hikeData.json */; };
		1F905F4A2943D0C500D67DF2 /* Hike.swift in Sources */ = {isa = PBXBuildFile; fileRef = 1F905F492943D0C500D67DF2 /* Hike.swift */; };
		1F905F502943D15F00D67DF2 /* GraphCapsule.swift in Sources */ = {isa = PBXBuildFile; fileRef = 1F905F4C2943D15F00D67DF2 /* GraphCapsule.swift */; };
		1F905F512943D15F00D67DF2 /* HikeGraph.swift in Sources */ = {isa = PBXBuildFile; fileRef = 1F905F4D2943D15F00D67DF2 /* HikeGraph.swift */; };
		1F905F522943D15F00D67DF2 /* HikeDetail.swift in Sources */ = {isa = PBXBuildFile; fileRef = 1F905F4E2943D15F00D67DF2 /* HikeDetail.swift */; };
		1F905F532943D15F00D67DF2 /* HikeView.swift in Sources */ = {isa = PBXBuildFile; fileRef = 1F905F4F2943D15F00D67DF2 /* HikeView.swift */; };
		1F905F562943DFC500D67DF2 /* CategoryHome.swift in Sources */ = {isa = PBXBuildFile; fileRef = 1F905F552943DFC500D67DF2 /* CategoryHome.swift */; };
		1F905F582943E19500D67DF2 /* CategoryRow.swift in Sources */ = {isa = PBXBuildFile; fileRef = 1F905F572943E19500D67DF2 /* CategoryRow.swift */; };
		1F905F5A2943E31D00D67DF2 /* CategoryItem.swift in Sources */ = {isa = PBXBuildFile; fileRef = 1F905F592943E31D00D67DF2 /* CategoryItem.swift */; };
/* End PBXBuildFile section */

/* Begin PBXFileReference section */
		1F258124294140CC00158697 /* Landmarks.app */ = {isa = PBXFileReference; explicitFileType = wrapper.application; includeInIndex = 0; path = Landmarks.app; sourceTree = BUILT_PRODUCTS_DIR; };
		1F258127294140CC00158697 /* LandmarksApp.swift */ = {isa = PBXFileReference; lastKnownFileType = sourcecode.swift; path = LandmarksApp.swift; sourceTree = "<group>"; };
		1F258129294140CC00158697 /* ContentView.swift */ = {isa = PBXFileReference; lastKnownFileType = sourcecode.swift; path = ContentView.swift; sourceTree = "<group>"; };
		1F25812B294140CD00158697 /* Assets.xcassets */ = {isa = PBXFileReference; lastKnownFileType = folder.assetcatalog; path = Assets.xcassets; sourceTree = "<group>"; };
		1F25813A2941425300158697 /* CircleImage.swift */ = {isa = PBXFileReference; lastKnownFileType = sourcecode.swift; path = CircleImage.swift; sourceTree = "<group>"; };
		1F25813C294142F000158697 /* MapView.swift */ = {isa = PBXFileReference; lastKnownFileType = sourcecode.swift; path = MapView.swift; sourceTree = "<group>"; };
		1F2581402941452600158697 /* landmarkData.json */ = {isa = PBXFileReference; fileEncoding = 4; lastKnownFileType = text.json; path = landmarkData.json; sourceTree = "<group>"; };
		1F2581422941456000158697 /* Landmark.swift */ = {isa = PBXFileReference; lastKnownFileType = sourcecode.swift; path = Landmark.swift; sourceTree = "<group>"; };
		1F2581442941466500158697 /* ModelData.swift */ = {isa = PBXFileReference; lastKnownFileType = sourcecode.swift; path = ModelData.swift; sourceTree = "<group>"; };
		1F2581492941475000158697 /* LandmarkRow.swift */ = {isa = PBXFileReference; lastKnownFileType = sourcecode.swift; path = LandmarkRow.swift; sourceTree = "<group>"; };
		1F25814C2941495C00158697 /* LandmarkList.swift */ = {isa = PBXFileReference; lastKnownFileType = sourcecode.swift; path = LandmarkList.swift; sourceTree = "<group>"; };
		1F25814E29414A5700158697 /* LandmarkDetail.swift */ = {isa = PBXFileReference; lastKnownFileType = sourcecode.swift; path = LandmarkDetail.swift; sourceTree = "<group>"; };
		1F2581502942A36600158697 /* FavoriteButton.swift */ = {isa = PBXFileReference; lastKnownFileType = sourcecode.swift; path = FavoriteButton.swift; sourceTree = "<group>"; };
		1F905F3C2943B26A00D67DF2 /* HexagonParameters.swift */ = {isa = PBXFileReference; lastKnownFileType = sourcecode.swift; path = HexagonParameters.swift; sourceTree = "<group>"; };
		1F905F3E2943B39900D67DF2 /* BadgeBackground.swift */ = {isa = PBXFileReference; lastKnownFileType = sourcecode.swift; path = BadgeBackground.swift; sourceTree = "<group>"; };
		1F905F402943B7B600D67DF2 /* BadgeSymbol.swift */ = {isa = PBXFileReference; lastKnownFileType = sourcecode.swift; path = BadgeSymbol.swift; sourceTree = "<group>"; };
		1F905F422943BEED00D67DF2 /* RotatedBadgeSymbol.swift */ = {isa = PBXFileReference; lastKnownFileType = sourcecode.swift; path = RotatedBadgeSymbol.swift; sourceTree = "<group>"; };
		1F905F442943BF5400D67DF2 /* Badge.swift */ = {isa = PBXFileReference; lastKnownFileType = sourcecode.swift; path = Badge.swift; sourceTree = "<group>"; };
		1F905F472943D0B200D67DF2 /* hikeData.json */ = {isa = PBXFileReference; fileEncoding = 4; lastKnownFileType = text.json; path = hikeData.json; sourceTree = "<group>"; };
		1F905F492943D0C500D67DF2 /* Hike.swift */ = {isa = PBXFileReference; lastKnownFileType = sourcecode.swift; path = Hike.swift; sourceTree = "<group>"; };
		1F905F4C2943D15F00D67DF2 /* GraphCapsule.swift */ = {isa = PBXFileReference; fileEncoding = 4; lastKnownFileType = sourcecode.swift; path = GraphCapsule.swift; sourceTree = "<group>"; };
		1F905F4D2943D15F00D67DF2 /* HikeGraph.swift */ = {isa = PBXFileReference; fileEncoding = 4; lastKnownFileType = sourcecode.swift; path = HikeGraph.swift; sourceTree = "<group>"; };
		1F905F4E2943D15F00D67DF2 /* HikeDetail.swift */ = {isa = PBXFileReference; fileEncoding = 4; lastKnownFileType = sourcecode.swift; path = HikeDetail.swift; sourceTree = "<group>"; };
		1F905F4F2943D15F00D67DF2 /* HikeView.swift */ = {isa = PBXFileReference; fileEncoding = 4; lastKnownFileType = sourcecode.swift; path = HikeView.swift; sourceTree = "<group>"; };
		1F905F552943DFC500D67DF2 /* CategoryHome.swift */ = {isa = PBXFileReference; lastKnownFileType = sourcecode.swift; path = CategoryHome.swift; sourceTree = "<group>"; };
		1F905F572943E19500D67DF2 /* CategoryRow.swift */ = {isa = PBXFileReference; lastKnownFileType = sourcecode.swift; path = CategoryRow.swift; sourceTree = "<group>"; };
		1F905F592943E31D00D67DF2 /* CategoryItem.swift */ = {isa = PBXFileReference; lastKnownFileType = sourcecode.swift; path = CategoryItem.swift; sourceTree = "<group>"; };
/* End PBXFileReference section */

/* Begin PBXFrameworksBuildPhase section */
		1F258121294140CC00158697 /* Frameworks */ = {
			isa = PBXFrameworksBuildPhase;
			buildActionMask = 2147483647;
			files = (
			);
			runOnlyForDeploymentPostprocessing = 0;
		};
/* End PBXFrameworksBuildPhase section */

/* Begin PBXGroup section */
		1F25811B294140CC00158697 = {
			isa = PBXGroup;
			children = (
				1F258126294140CC00158697 /* Landmarks */,
				1F258125294140CC00158697 /* Products */,
			);
			sourceTree = "<group>";
		};
		1F258125294140CC00158697 /* Products */ = {
			isa = PBXGroup;
			children = (
				1F258124294140CC00158697 /* Landmarks.app */,
			);
			name = Products;
			sourceTree = "<group>";
		};
		1F258126294140CC00158697 /* Landmarks */ = {
			isa = PBXGroup;
			children = (
				1F258127294140CC00158697 /* LandmarksApp.swift */,
				1F2581482941472200158697 /* Views */,
				1F258147294146FE00158697 /* Model */,
				1F258146294146D000158697 /* Resources */,
				1F25814B2941477C00158697 /* Preview Content */,
			);
			path = Landmarks;
			sourceTree = "<group>";
		};
		1F258146294146D000158697 /* Resources */ = {
			isa = PBXGroup;
			children = (
				1F25812B294140CD00158697 /* Assets.xcassets */,
				1F2581402941452600158697 /* landmarkData.json */,
				1F905F472943D0B200D67DF2 /* hikeData.json */,
			);
			path = Resources;
			sourceTree = "<group>";
		};
		1F258147294146FE00158697 /* Model */ = {
			isa = PBXGroup;
			children = (
				1F2581422941456000158697 /* Landmark.swift */,
				1F2581442941466500158697 /* ModelData.swift */,
				1F905F492943D0C500D67DF2 /* Hike.swift */,
			);
			path = Model;
			sourceTree = "<group>";
		};
		1F2581482941472200158697 /* Views */ = {
			isa = PBXGroup;
			children = (
				1F258129294140CC00158697 /* ContentView.swift */,
				1F905F542943DFA900D67DF2 /* Categories */,
				1F905F4B2943D15F00D67DF2 /* Hikes */,
				1F2581522942A42B00158697 /* Helpers */,
				1F2581532942A43600158697 /* Landmarks */,
				1F905F462943C1B500D67DF2 /* Badges */,
			);
			path = Views;
			sourceTree = "<group>";
		};
		1F25814B2941477C00158697 /* Preview Content */ = {
			isa = PBXGroup;
			children = (
			);
			path = "Preview Content";
			sourceTree = "<group>";
		};
		1F2581522942A42B00158697 /* Helpers */ = {
			isa = PBXGroup;
			children = (
				1F25813A2941425300158697 /* CircleImage.swift */,
				1F25813C294142F000158697 /* MapView.swift */,
				1F2581502942A36600158697 /* FavoriteButton.swift */,
			);
			path = Helpers;
			sourceTree = "<group>";
		};
		1F2581532942A43600158697 /* Landmarks */ = {
			isa = PBXGroup;
			children = (
				1F2581492941475000158697 /* LandmarkRow.swift */,
				1F25814C2941495C00158697 /* LandmarkList.swift */,
				1F25814E29414A5700158697 /* LandmarkDetail.swift */,
			);
			path = Landmarks;
			sourceTree = "<group>";
		};
		1F905F462943C1B500D67DF2 /* Badges */ = {
			isa = PBXGroup;
			children = (
				1F905F3C2943B26A00D67DF2 /* HexagonParameters.swift */,
				1F905F3E2943B39900D67DF2 /* BadgeBackground.swift */,
				1F905F402943B7B600D67DF2 /* BadgeSymbol.swift */,
				1F905F422943BEED00D67DF2 /* RotatedBadgeSymbol.swift */,
				1F905F442943BF5400D67DF2 /* Badge.swift */,
			);
			path = Badges;
			sourceTree = "<group>";
		};
		1F905F4B2943D15F00D67DF2 /* Hikes */ = {
			isa = PBXGroup;
			children = (
				1F905F4C2943D15F00D67DF2 /* GraphCapsule.swift */,
				1F905F4D2943D15F00D67DF2 /* HikeGraph.swift */,
				1F905F4E2943D15F00D67DF2 /* HikeDetail.swift */,
				1F905F4F2943D15F00D67DF2 /* HikeView.swift */,
			);
			path = Hikes;
			sourceTree = "<group>";
		};
		1F905F542943DFA900D67DF2 /* Categories */ = {
			isa = PBXGroup;
			children = (
				1F905F552943DFC500D67DF2 /* CategoryHome.swift */,
				1F905F572943E19500D67DF2 /* CategoryRow.swift */,
				1F905F592943E31D00D67DF2 /* CategoryItem.swift */,
			);
			path = Categories;
			sourceTree = "<group>";
		};
/* End PBXGroup section */

/* Begin PBXNativeTarget section */
		1F258123294140CC00158697 /* Landmarks */ = {
			isa = PBXNativeTarget;
			buildConfigurationList = 1F258137294140CD00158697 /* Build configuration list for PBXNativeTarget "Landmarks" */;
			buildPhases = (
				1F258120294140CC00158697 /* Sources */,
				1F258121294140CC00158697 /* Frameworks */,
				1F258122294140CC00158697 /* Resources */,
			);
			buildRules = (
			);
			dependencies = (
			);
			name = Landmarks;
			productName = Landmarks;
			productReference = 1F258124294140CC00158697 /* Landmarks.app */;
			productType = "com.apple.product-type.application";
		};
/* End PBXNativeTarget section */

/* Begin PBXProject section */
		1F25811C294140CC00158697 /* Project object */ = {
			isa = PBXProject;
			attributes = {
				BuildIndependentTargetsInParallel = 1;
				LastSwiftUpdateCheck = 1410;
				LastUpgradeCheck = 1410;
				TargetAttributes = {
					1F258123294140CC00158697 = {
						CreatedOnToolsVersion = 14.1;
					};
				};
			};
			buildConfigurationList = 1F25811F294140CC00158697 /* Build configuration list for PBXProject "Landmarks" */;
			compatibilityVersion = "Xcode 14.0";
			developmentRegion = en;
			hasScannedForEncodings = 0;
			knownRegions = (
				en,
				Base,
			);
			mainGroup = 1F25811B294140CC00158697;
			productRefGroup = 1F258125294140CC00158697 /* Products */;
			projectDirPath = "";
			projectRoot = "";
			targets = (
				1F258123294140CC00158697 /* Landmarks */,
			);
		};
/* End PBXProject section */

/* Begin PBXResourcesBuildPhase section */
		1F258122294140CC00158697 /* Resources */ = {
			isa = PBXResourcesBuildPhase;
			buildActionMask = 2147483647;
			files = (
				1F2581412941452600158697 /* landmarkData.json in Resources */,
				1F905F482943D0B200D67DF2 /* hikeData.json in Resources */,
				1F25812C294140CD00158697 /* Assets.xcassets in Resources */,
			);
			runOnlyForDeploymentPostprocessing = 0;
		};
/* End PBXResourcesBuildPhase section */

/* Begin PBXSourcesBuildPhase section */
		1F258120294140CC00158697 /* Sources */ = {
			isa = PBXSourcesBuildPhase;
			buildActionMask = 2147483647;
			files = (
				1F905F582943E19500D67DF2 /* CategoryRow.swift in Sources */,
				1F25813D294142F000158697 /* MapView.swift in Sources */,
				1F905F562943DFC500D67DF2 /* CategoryHome.swift in Sources */,
				1F905F512943D15F00D67DF2 /* HikeGraph.swift in Sources */,
				1F905F452943BF5400D67DF2 /* Badge.swift in Sources */,
				1F25814A2941475000158697 /* LandmarkRow.swift in Sources */,
				1F905F502943D15F00D67DF2 /* GraphCapsule.swift in Sources */,
				1F25812A294140CC00158697 /* ContentView.swift in Sources */,
				1F2581512942A36600158697 /* FavoriteButton.swift in Sources */,
				1F905F5A2943E31D00D67DF2 /* CategoryItem.swift in Sources */,
				1F905F522943D15F00D67DF2 /* HikeDetail.swift in Sources */,
				1F905F3D2943B26A00D67DF2 /* HexagonParameters.swift in Sources */,
				1F905F4A2943D0C500D67DF2 /* Hike.swift in Sources */,
				1F905F432943BEED00D67DF2 /* RotatedBadgeSymbol.swift in Sources */,
				1F905F412943B7B600D67DF2 /* BadgeSymbol.swift in Sources */,
				1F25814D2941495C00158697 /* LandmarkList.swift in Sources */,
				1F905F532943D15F00D67DF2 /* HikeView.swift in Sources */,
				1F25814F29414A5700158697 /* LandmarkDetail.swift in Sources */,
				1F905F3F2943B39900D67DF2 /* BadgeBackground.swift in Sources */,
				1F258128294140CC00158697 /* LandmarksApp.swift in Sources */,
				1F25813B2941425300158697 /* CircleImage.swift in Sources */,
				1F2581432941456000158697 /* Landmark.swift in Sources */,
				1F2581452941466500158697 /* ModelData.swift in Sources */,
			);
			runOnlyForDeploymentPostprocessing = 0;
		};
/* End PBXSourcesBuildPhase section */

/* Begin XCBuildConfiguration section */
		1F258135294140CD00158697 /* Debug */ = {
			isa = XCBuildConfiguration;
			buildSettings = {
				ALWAYS_SEARCH_USER_PATHS = NO;
				CLANG_ANALYZER_NONNULL = YES;
				CLANG_ANALYZER_NUMBER_OBJECT_CONVERSION = YES_AGGRESSIVE;
				CLANG_CXX_LANGUAGE_STANDARD = "gnu++20";
				CLANG_ENABLE_MODULES = YES;
				CLANG_ENABLE_OBJC_ARC = YES;
				CLANG_ENABLE_OBJC_WEAK = YES;
				CLANG_WARN_BLOCK_CAPTURE_AUTORELEASING = YES;
				CLANG_WARN_BOOL_CONVERSION = YES;
				CLANG_WARN_COMMA = YES;
				CLANG_WARN_CONSTANT_CONVERSION = YES;
				CLANG_WARN_DEPRECATED_OBJC_IMPLEMENTATIONS = YES;
				CLANG_WARN_DIRECT_OBJC_ISA_USAGE = YES_ERROR;
				CLANG_WARN_DOCUMENTATION_COMMENTS = YES;
				CLANG_WARN_EMPTY_BODY = YES;
				CLANG_WARN_ENUM_CONVERSION = YES;
				CLANG_WARN_INFINITE_RECURSION = YES;
				CLANG_WARN_INT_CONVERSION = YES;
				CLANG_WARN_NON_LITERAL_NULL_CONVERSION = YES;
				CLANG_WARN_OBJC_IMPLICIT_RETAIN_SELF = YES;
				CLANG_WARN_OBJC_LITERAL_CONVERSION = YES;
				CLANG_WARN_OBJC_ROOT_CLASS = YES_ERROR;
				CLANG_WARN_QUOTED_INCLUDE_IN_FRAMEWORK_HEADER = YES;
				CLANG_WARN_RANGE_LOOP_ANALYSIS = YES;
				CLANG_WARN_STRICT_PROTOTYPES = YES;
				CLANG_WARN_SUSPICIOUS_MOVE = YES;
				CLANG_WARN_UNGUARDED_AVAILABILITY = YES_AGGRESSIVE;
				CLANG_WARN_UNREACHABLE_CODE = YES;
				CLANG_WARN__DUPLICATE_METHOD_MATCH = YES;
				COPY_PHASE_STRIP = NO;
				DEBUG_INFORMATION_FORMAT = dwarf;
				ENABLE_STRICT_OBJC_MSGSEND = YES;
				ENABLE_TESTABILITY = YES;
				GCC_C_LANGUAGE_STANDARD = gnu11;
				GCC_DYNAMIC_NO_PIC = NO;
				GCC_NO_COMMON_BLOCKS = YES;
				GCC_OPTIMIZATION_LEVEL = 0;
				GCC_PREPROCESSOR_DEFINITIONS = (
					"DEBUG=1",
					"$(inherited)",
				);
				GCC_WARN_64_TO_32_BIT_CONVERSION = YES;
				GCC_WARN_ABOUT_RETURN_TYPE = YES_ERROR;
				GCC_WARN_UNDECLARED_SELECTOR = YES;
				GCC_WARN_UNINITIALIZED_AUTOS = YES_AGGRESSIVE;
				GCC_WARN_UNUSED_FUNCTION = YES;
				GCC_WARN_UNUSED_VARIABLE = YES;
				IPHONEOS_DEPLOYMENT_TARGET = 16.1;
				MTL_ENABLE_DEBUG_INFO = INCLUDE_SOURCE;
				MTL_FAST_MATH = YES;
				ONLY_ACTIVE_ARCH = YES;
				SDKROOT = iphoneos;
				SWIFT_ACTIVE_COMPILATION_CONDITIONS = DEBUG;
				SWIFT_OPTIMIZATION_LEVEL = "-Onone";
			};
			name = Debug;
		};
		1F258136294140CD00158697 /* Release */ = {
			isa = XCBuildConfiguration;
			buildSettings = {
				ALWAYS_SEARCH_USER_PATHS = NO;
				CLANG_ANALYZER_NONNULL = YES;
				CLANG_ANALYZER_NUMBER_OBJECT_CONVERSION = YES_AGGRESSIVE;
				CLANG_CXX_LANGUAGE_STANDARD = "gnu++20";
				CLANG_ENABLE_MODULES = YES;
				CLANG_ENABLE_OBJC_ARC = YES;
				CLANG_ENABLE_OBJC_WEAK = YES;
				CLANG_WARN_BLOCK_CAPTURE_AUTORELEASING = YES;
				CLANG_WARN_BOOL_CONVERSION = YES;
				CLANG_WARN_COMMA = YES;
				CLANG_WARN_CONSTANT_CONVERSION = YES;
				CLANG_WARN_DEPRECATED_OBJC_IMPLEMENTATIONS = YES;
				CLANG_WARN_DIRECT_OBJC_ISA_USAGE = YES_ERROR;
				CLANG_WARN_DOCUMENTATION_COMMENTS = YES;
				CLANG_WARN_EMPTY_BODY = YES;
				CLANG_WARN_ENUM_CONVERSION = YES;
				CLANG_WARN_INFINITE_RECURSION = YES;
				CLANG_WARN_INT_CONVERSION = YES;
				CLANG_WARN_NON_LITERAL_NULL_CONVERSION = YES;
				CLANG_WARN_OBJC_IMPLICIT_RETAIN_SELF = YES;
				CLANG_WARN_OBJC_LITERAL_CONVERSION = YES;
				CLANG_WARN_OBJC_ROOT_CLASS = YES_ERROR;
				CLANG_WARN_QUOTED_INCLUDE_IN_FRAMEWORK_HEADER = YES;
				CLANG_WARN_RANGE_LOOP_ANALYSIS = YES;
				CLANG_WARN_STRICT_PROTOTYPES = YES;
				CLANG_WARN_SUSPICIOUS_MOVE = YES;
				CLANG_WARN_UNGUARDED_AVAILABILITY = YES_AGGRESSIVE;
				CLANG_WARN_UNREACHABLE_CODE = YES;
				CLANG_WARN__DUPLICATE_METHOD_MATCH = YES;
				COPY_PHASE_STRIP = NO;
				DEBUG_INFORMATION_FORMAT = "dwarf-with-dsym";
				ENABLE_NS_ASSERTIONS = NO;
				ENABLE_STRICT_OBJC_MSGSEND = YES;
				GCC_C_LANGUAGE_STANDARD = gnu11;
				GCC_NO_COMMON_BLOCKS = YES;
				GCC_WARN_64_TO_32_BIT_CONVERSION = YES;
				GCC_WARN_ABOUT_RETURN_TYPE = YES_ERROR;
				GCC_WARN_UNDECLARED_SELECTOR = YES;
				GCC_WARN_UNINITIALIZED_AUTOS = YES_AGGRESSIVE;
				GCC_WARN_UNUSED_FUNCTION = YES;
				GCC_WARN_UNUSED_VARIABLE = YES;
				IPHONEOS_DEPLOYMENT_TARGET = 16.1;
				MTL_ENABLE_DEBUG_INFO = NO;
				MTL_FAST_MATH = YES;
				SDKROOT = iphoneos;
				SWIFT_COMPILATION_MODE = wholemodule;
				SWIFT_OPTIMIZATION_LEVEL = "-O";
				VALIDATE_PRODUCT = YES;
			};
			name = Release;
		};
		1F258138294140CD00158697 /* Debug */ = {
			isa = XCBuildConfiguration;
			buildSettings = {
				ASSETCATALOG_COMPILER_APPICON_NAME = AppIcon;
				ASSETCATALOG_COMPILER_GLOBAL_ACCENT_COLOR_NAME = AccentColor;
				CODE_SIGN_STYLE = Automatic;
				CURRENT_PROJECT_VERSION = 1;
				DEVELOPMENT_ASSET_PATHS = "\"Landmarks/Preview Content\"";
				ENABLE_PREVIEWS = YES;
				GENERATE_INFOPLIST_FILE = YES;
				INFOPLIST_KEY_UIApplicationSceneManifest_Generation = YES;
				INFOPLIST_KEY_UIApplicationSupportsIndirectInputEvents = YES;
				INFOPLIST_KEY_UILaunchScreen_Generation = YES;
				INFOPLIST_KEY_UISupportedInterfaceOrientations_iPad = "UIInterfaceOrientationPortrait UIInterfaceOrientationPortraitUpsideDown UIInterfaceOrientationLandscapeLeft UIInterfaceOrientationLandscapeRight";
				INFOPLIST_KEY_UISupportedInterfaceOrientations_iPhone = "UIInterfaceOrientationPortrait UIInterfaceOrientationLandscapeLeft UIInterfaceOrientationLandscapeRight";
				LD_RUNPATH_SEARCH_PATHS = (
					"$(inherited)",
					"@executable_path/Frameworks",
				);
				MARKETING_VERSION = 1.0;
				PRODUCT_BUNDLE_IDENTIFIER = com.navigation.Landmarks;
				PRODUCT_NAME = "$(TARGET_NAME)";
				SWIFT_EMIT_LOC_STRINGS = YES;
				SWIFT_VERSION = 5.0;
				TARGETED_DEVICE_FAMILY = "1,2";
			};
			name = Debug;
		};
		1F258139294140CD00158697 /* Release */ = {
			isa = XCBuildConfiguration;
			buildSettings = {
				ASSETCATALOG_COMPILER_APPICON_NAME = AppIcon;
				ASSETCATALOG_COMPILER_GLOBAL_ACCENT_COLOR_NAME = AccentColor;
				CODE_SIGN_STYLE = Automatic;
				CURRENT_PROJECT_VERSION = 1;
				DEVELOPMENT_ASSET_PATHS = "\"Landmarks/Preview Content\"";
				ENABLE_PREVIEWS = YES;
				GENERATE_INFOPLIST_FILE = YES;
				INFOPLIST_KEY_UIApplicationSceneManifest_Generation = YES;
				INFOPLIST_KEY_UIApplicationSupportsIndirectInputEvents = YES;
				INFOPLIST_KEY_UILaunchScreen_Generation = YES;
				INFOPLIST_KEY_UISupportedInterfaceOrientations_iPad = "UIInterfaceOrientationPortrait UIInterfaceOrientationPortraitUpsideDown UIInterfaceOrientationLandscapeLeft UIInterfaceOrientationLandscapeRight";
				INFOPLIST_KEY_UISupportedInterfaceOrientations_iPhone = "UIInterfaceOrientationPortrait UIInterfaceOrientationLandscapeLeft UIInterfaceOrientationLandscapeRight";
				LD_RUNPATH_SEARCH_PATHS = (
					"$(inherited)",
					"@executable_path/Frameworks",
				);
				MARKETING_VERSION = 1.0;
				PRODUCT_BUNDLE_IDENTIFIER = com.navigation.Landmarks;
				PRODUCT_NAME = "$(TARGET_NAME)";
				SWIFT_EMIT_LOC_STRINGS = YES;
				SWIFT_VERSION = 5.0;
				TARGETED_DEVICE_FAMILY = "1,2";
			};
			name = Release;
		};
/* End XCBuildConfiguration section */

/* Begin XCConfigurationList section */
		1F25811F294140CC00158697 /* Build configuration list for PBXProject "Landmarks" */ = {
			isa = XCConfigurationList;
			buildConfigurations = (
				1F258135294140CD00158697 /* Debug */,
				1F258136294140CD00158697 /* Release */,
			);
			defaultConfigurationIsVisible = 0;
			defaultConfigurationName = Release;
		};
		1F258137294140CD00158697 /* Build configuration list for PBXNativeTarget "Landmarks" */ = {
			isa = XCConfigurationList;
			buildConfigurations = (
				1F258138294140CD00158697 /* Debug */,
				1F258139294140CD00158697 /* Release */,
			);
			defaultConfigurationIsVisible = 0;
			defaultConfigurationName = Release;
		};
/* End XCConfigurationList section */
	};
	rootObject = 1F25811C294140CC00158697 /* Project object */;
}
